
Microsoft Visual Studio Solution File, Format Version 12.00
# Visual Studio Version 16
VisualStudioVersion = 16.0.29519.181
MinimumVisualStudioVersion = 10.0.40219.1
Project("{9A19103F-16F7-4668-BE54-9A1E7A4F7556}") = "HypervCsiDriver", "hyperv-csi-driver\HypervCsiDriver.csproj", "{6CE9BE1E-9F83-4D47-857C-DB9EBFBEA907}"
EndProject
Project("{9A19103F-16F7-4668-BE54-9A1E7A4F7556}") = "HypervCsiDriver.UnitTests", "HypervCsiDriver.UnitTests\HypervCsiDriver.UnitTests.csproj", "{FBE23BC2-45AE-4C43-9CCF-DF2473EB240B}"
EndProject
Project("{FAE04EC0-301F-11D3-BF4B-00C04F79EFBC}") = "HypervCsiClient", "HypervCsiClient\HypervCsiClient.csproj", "{60C069AB-A516-4186-9523-6A73165DF229}"
EndProject
Global
	GlobalSection(SolutionConfigurationPlatforms) = preSolution
		Debug|Any CPU = Debug|Any CPU
		Release|Any CPU = Release|Any CPU
	EndGlobalSection
	GlobalSection(ProjectConfigurationPlatforms) = postSolution
		{6CE9BE1E-9F83-4D47-857C-DB9EBFBEA907}.Debug|Any CPU.ActiveCfg = Debug|Any CPU
		{6CE9BE1E-9F83-4D47-857C-DB9EBFBEA907}.Debug|Any CPU.Build.0 = Debug|Any CPU
		{6CE9BE1E-9F83-4D47-857C-DB9EBFBEA907}.Release|Any CPU.ActiveCfg = Release|Any CPU
		{6CE9BE1E-9F83-4D47-857C-DB9EBFBEA907}.Release|Any CPU.Build.0 = Release|Any CPU
		{FBE23BC2-45AE-4C43-9CCF-DF2473EB240B}.Debug|Any CPU.ActiveCfg = Debug|Any CPU
		{FBE23BC2-45AE-4C43-9CCF-DF2473EB240B}.Debug|Any CPU.Build.0 = Debug|Any CPU
		{FBE23BC2-45AE-4C43-9CCF-DF2473EB240B}.Release|Any CPU.ActiveCfg = Release|Any CPU
		{FBE23BC2-45AE-4C43-9CCF-DF2473EB240B}.Release|Any CPU.Build.0 = Release|Any CPU
		{60C069AB-A516-4186-9523-6A73165DF229}.Debug|Any CPU.ActiveCfg = Debug|Any CPU
		{60C069AB-A516-4186-9523-6A73165DF229}.Debug|Any CPU.Build.0 = Debug|Any CPU
		{60C069AB-A516-4186-9523-6A73165DF229}.Release|Any CPU.ActiveCfg = Release|Any CPU
		{60C069AB-A516-4186-9523-6A73165DF229}.Release|Any CPU.Build.0 = Release|Any CPU
	EndGlobalSection
	GlobalSection(SolutionProperties) = preSolution
		HideSolutionNode = FALSE
	EndGlobalSection
	GlobalSection(ExtensibilityGlobals) = postSolution
		SolutionGuid = {2782CDB7-3BDF-47FD-B32B-8949E5AC9680}
	EndGlobalSection
EndGlobal
